
Microsoft Visual Studio Solution File, Format Version 12.00
# Visual Studio Version 17
VisualStudioVersion = 17.6.33723.286
MinimumVisualStudioVersion = 10.0.40219.1
Project("{FAE04EC0-301F-11D3-BF4B-00C04F79EFBC}") = "Manager Service", "Manager Service\Manager Service.csproj", "{3C922AA2-13B5-4C50-B712-C23A4082E296}"
EndProject
Global
	GlobalSection(SolutionConfigurationPlatforms) = preSolution
		Debug|Any CPU = Debug|Any CPU
		Release|Any CPU = Release|Any CPU
	EndGlobalSection
	GlobalSection(ProjectConfigurationPlatforms) = postSolution
		{3C922AA2-13B5-4C50-B712-C23A4082E296}.Debug|Any CPU.ActiveCfg = Debug|Any CPU
		{3C922AA2-13B5-4C50-B712-C23A4082E296}.Debug|Any CPU.Build.0 = Debug|Any CPU
		{3C922AA2-13B5-4C50-B712-C23A4082E296}.Release|Any CPU.ActiveCfg = Release|Any CPU
		{3C922AA2-13B5-4C50-B712-C23A4082E296}.Release|Any CPU.Build.0 = Release|Any CPU
	EndGlobalSection
	GlobalSection(SolutionProperties) = preSolution
		HideSolutionNode = FALSE
	EndGlobalSection
	GlobalSection(ExtensibilityGlobals) = postSolution
		SolutionGuid = {22A40BE9-BBB8-4775-BD89-D419A963A1BC}
	EndGlobalSection
EndGlobal
